
Microsoft Visual Studio Solution File, Format Version 12.00
# Visual Studio Version 16
VisualStudioVersion = 16.0.28803.352
MinimumVisualStudioVersion = 10.0.40219.1
Project("{FAE04EC0-301F-11D3-BF4B-00C04F79EFBC}") = "SortedListDemo", "SortedListDemo\SortedListDemo.csproj", "{C04380AE-E0BD-4875-BD0A-7BC4015D850A}"
EndProject
Global
	GlobalSection(SolutionConfigurationPlatforms) = preSolution
		Debug|Any CPU = Debug|Any CPU
		Release|Any CPU = Release|Any CPU
	EndGlobalSection
	GlobalSection(ProjectConfigurationPlatforms) = postSolution
		{C04380AE-E0BD-4875-BD0A-7BC4015D850A}.Debug|Any CPU.ActiveCfg = Debug|Any CPU
		{C04380AE-E0BD-4875-BD0A-7BC4015D850A}.Debug|Any CPU.Build.0 = Debug|Any CPU
		{C04380AE-E0BD-4875-BD0A-7BC4015D850A}.Release|Any CPU.ActiveCfg = Release|Any CPU
		{C04380AE-E0BD-4875-BD0A-7BC4015D850A}.Release|Any CPU.Build.0 = Release|Any CPU
	EndGlobalSection
	GlobalSection(SolutionProperties) = preSolution
		HideSolutionNode = FALSE
	EndGlobalSection
	GlobalSection(ExtensibilityGlobals) = postSolution
		SolutionGuid = {3982AB0A-67A3-401F-9B44-55580CAA02FF}
	EndGlobalSection
EndGlobal
