
Microsoft Visual Studio Solution File, Format Version 12.00
# Visual Studio Version 16
VisualStudioVersion = 16.0.28803.352
MinimumVisualStudioVersion = 10.0.40219.1
Project("{FAE04EC0-301F-11D3-BF4B-00C04F79EFBC}") = "SortedSetDemo", "SortedSetDemo\SortedSetDemo.csproj", "{DC0F05F7-DAF9-4FA5-8AAF-017A293B017C}"
EndProject
Global
	GlobalSection(SolutionConfigurationPlatforms) = preSolution
		Debug|Any CPU = Debug|Any CPU
		Release|Any CPU = Release|Any CPU
	EndGlobalSection
	GlobalSection(ProjectConfigurationPlatforms) = postSolution
		{DC0F05F7-DAF9-4FA5-8AAF-017A293B017C}.Debug|Any CPU.ActiveCfg = Debug|Any CPU
		{DC0F05F7-DAF9-4FA5-8AAF-017A293B017C}.Debug|Any CPU.Build.0 = Debug|Any CPU
		{DC0F05F7-DAF9-4FA5-8AAF-017A293B017C}.Release|Any CPU.ActiveCfg = Release|Any CPU
		{DC0F05F7-DAF9-4FA5-8AAF-017A293B017C}.Release|Any CPU.Build.0 = Release|Any CPU
	EndGlobalSection
	GlobalSection(SolutionProperties) = preSolution
		HideSolutionNode = FALSE
	EndGlobalSection
	GlobalSection(ExtensibilityGlobals) = postSolution
		SolutionGuid = {484D66FA-6EC9-40F2-B4D4-FAD10665880B}
	EndGlobalSection
EndGlobal
